// !$*UTF8*$!
{
	archiveVersion = 1;
	classes = {
	};
	objectVersion = 46;
	objects = {

/* Begin PBXBuildFile section */
		620ABA4A17578A4C000E5FFA /* NotificationViewController.m in Sources */ = {isa = PBXBuildFile; fileRef = 620ABA4917578A4C000E5FFA /* NotificationViewController.m */; };
		620ABA4D17579D67000E5FFA /* Notification.m in Sources */ = {isa = PBXBuildFile; fileRef = 620ABA4C17579D67000E5FFA /* Notification.m */; };
		620ABA5017579F05000E5FFA /* HomeViewController.m in Sources */ = {isa = PBXBuildFile; fileRef = 620ABA4F17579F04000E5FFA /* HomeViewController.m */; };
		621A59F2175A403700B02EEC /* NetworkingViewController.m in Sources */ = {isa = PBXBuildFile; fileRef = 621A59F1175A403700B02EEC /* NetworkingViewController.m */; };
		621A59F5175A40FE00B02EEC /* Networking.m in Sources */ = {isa = PBXBuildFile; fileRef = 621A59F4175A40FE00B02EEC /* Networking.m */; };
		621A59F8175A5A5500B02EEC /* Person.m in Sources */ = {isa = PBXBuildFile; fileRef = 621A59F7175A5A5500B02EEC /* Person.m */; };
		621A59FB175BC6D600B02EEC /* PersonProfileViewController.m in Sources */ = {isa = PBXBuildFile; fileRef = 621A59FA175BC6D600B02EEC /* PersonProfileViewController.m */; };
		621A5A06175E18B100B02EEC /* Contacts.jpg in Resources */ = {isa = PBXBuildFile; fileRef = 621A59FF175E18B100B02EEC /* Contacts.jpg */; };
		621A5A07175E18B100B02EEC /* maps.jpg in Resources */ = {isa = PBXBuildFile; fileRef = 621A5A00175E18B100B02EEC /* maps.jpg */; };
		621A5A08175E18B100B02EEC /* Networking.jpg in Resources */ = {isa = PBXBuildFile; fileRef = 621A5A01175E18B100B02EEC /* Networking.jpg */; };
		621A5A09175E18B100B02EEC /* Notes.jpg in Resources */ = {isa = PBXBuildFile; fileRef = 621A5A02175E18B100B02EEC /* Notes.jpg */; };
		621A5A0A175E18B100B02EEC /* Notifications.jpg in Resources */ = {isa = PBXBuildFile; fileRef = 621A5A03175E18B100B02EEC /* Notifications.jpg */; };
		621A5A0B175E18B100B02EEC /* Organization.jpg in Resources */ = {isa = PBXBuildFile; fileRef = 621A5A04175E18B100B02EEC /* Organization.jpg */; };
		621A5A0C175E18B100B02EEC /* Schedule.jpg in Resources */ = {isa = PBXBuildFile; fileRef = 621A5A05175E18B100B02EEC /* Schedule.jpg */; };
		621A5A1F175E456300B02EEC /* MapKit.framework in Frameworks */ = {isa = PBXBuildFile; fileRef = 621A5A1E175E456300B02EEC /* MapKit.framework */; };
		621A5A21175E456C00B02EEC /* QuartzCore.framework in Frameworks */ = {isa = PBXBuildFile; fileRef = 621A5A20175E456C00B02EEC /* QuartzCore.framework */; };
		621A5A27175E493700B02EEC /* TapkuLibrary.bundle in Resources */ = {isa = PBXBuildFile; fileRef = 621A5A26175E493700B02EEC /* TapkuLibrary.bundle */; };
		621A5A33175E499300B02EEC /* libTapkuLibrary.a in Frameworks */ = {isa = PBXBuildFile; fileRef = 621A5A2E175E494000B02EEC /* libTapkuLibrary.a */; };
		621A5A3F175E506300B02EEC /* PersonalProgramTKCalendarDayViewController.m in Sources */ = {isa = PBXBuildFile; fileRef = 621A5A3E175E506300B02EEC /* PersonalProgramTKCalendarDayViewController.m */; };
		621A5A55175E98CB00B02EEC /* Event.m in Sources */ = {isa = PBXBuildFile; fileRef = 621A5A54175E98CB00B02EEC /* Event.m */; };
		62AF25C417738ACB00B27B8D /* PersonalInfo.m in Sources */ = {isa = PBXBuildFile; fileRef = 62AF25C317738ACB00B27B8D /* PersonalInfo.m */; };
		62AF25CA1774AB1400B27B8D /* SearchViewController.m in Sources */ = {isa = PBXBuildFile; fileRef = 62AF25C91774AB1400B27B8D /* SearchViewController.m */; };
		62C37301176F5B2800557724 /* Note.m in Sources */ = {isa = PBXBuildFile; fileRef = 62C37300176F5B2800557724 /* Note.m */; };
		62C3730F1770A24300557724 /* Home.png in Resources */ = {isa = PBXBuildFile; fileRef = 62C3730E1770A24300557724 /* Home.png */; };
		62C373111770D47800557724 /* defaultTableViewBackground.png in Resources */ = {isa = PBXBuildFile; fileRef = 62C373101770D47800557724 /* defaultTableViewBackground.png */; };
		62F3AF6F1760CE3E00E4BA8F /* EventUIViewController.m in Sources */ = {isa = PBXBuildFile; fileRef = 62F3AF6E1760CE3E00E4BA8F /* EventUIViewController.m */; };
		62F3AF751760E68F00E4BA8F /* Author.m in Sources */ = {isa = PBXBuildFile; fileRef = 62F3AF741760E68F00E4BA8F /* Author.m */; };
		62F3AFD01764DF2A00E4BA8F /* Local.m in Sources */ = {isa = PBXBuildFile; fileRef = 62F3AFCF1764DF2A00E4BA8F /* Local.m */; };
		62F3AFD41768D56800E4BA8F /* NoteViewController.m in Sources */ = {isa = PBXBuildFile; fileRef = 62F3AFD31768D56800E4BA8F /* NoteViewController.m */; };
		62F3AFD9176A206600E4BA8F /* ImageViewController.m in Sources */ = {isa = PBXBuildFile; fileRef = 62F3AFD8176A206600E4BA8F /* ImageViewController.m */; };
		62F3B004176C72E600E4BA8F /* AllNotesViewController.m in Sources */ = {isa = PBXBuildFile; fileRef = 62F3B003176C72E600E4BA8F /* AllNotesViewController.m */; };
		62F3B05A176CEFF800E4BA8F /* KNDefaultImage.png in Resources */ = {isa = PBXBuildFile; fileRef = 62F3B03C176CEFF800E4BA8F /* KNDefaultImage.png */; };
		62F3B05B176CEFF800E4BA8F /* KNDefaultImage@2x.png in Resources */ = {isa = PBXBuildFile; fileRef = 62F3B03D176CEFF800E4BA8F /* KNDefaultImage@2x.png */; };
		62F3B05C176CEFF800E4BA8F /* KNSelectorTip.png in Resources */ = {isa = PBXBuildFile; fileRef = 62F3B03E176CEFF800E4BA8F /* KNSelectorTip.png */; };
		62F3B05D176CEFF800E4BA8F /* KNSelectorTip@2x.png in Resources */ = {isa = PBXBuildFile; fileRef = 62F3B03F176CEFF800E4BA8F /* KNSelectorTip@2x.png */; };
		62F3B05E176CEFF800E4BA8F /* KNZoomIcon.png in Resources */ = {isa = PBXBuildFile; fileRef = 62F3B040176CEFF800E4BA8F /* KNZoomIcon.png */; };
		62F3B05F176CEFF800E4BA8F /* KNZoomIcon@2x.png in Resources */ = {isa = PBXBuildFile; fileRef = 62F3B041176CEFF800E4BA8F /* KNZoomIcon@2x.png */; };
		62F3B060176CEFF800E4BA8F /* KNMultiItemSelector.m in Sources */ = {isa = PBXBuildFile; fileRef = 62F3B043176CEFF800E4BA8F /* KNMultiItemSelector.m */; };
		62F3B061176CEFF800E4BA8F /* KNSelectorItem.m in Sources */ = {isa = PBXBuildFile; fileRef = 62F3B045176CEFF800E4BA8F /* KNSelectorItem.m */; };
		62F3B062176CEFF800E4BA8F /* LICENSE in Resources */ = {isa = PBXBuildFile; fileRef = 62F3B047176CEFF800E4BA8F /* LICENSE */; };
		62F3B063176CEFF800E4BA8F /* SDImageCache.m in Sources */ = {isa = PBXBuildFile; fileRef = 62F3B049176CEFF800E4BA8F /* SDImageCache.m */; };
		62F3B064176CEFF800E4BA8F /* SDWebImageDecoder.m in Sources */ = {isa = PBXBuildFile; fileRef = 62F3B04D176CEFF800E4BA8F /* SDWebImageDecoder.m */; };
		62F3B065176CEFF800E4BA8F /* SDWebImageDownloader.m in Sources */ = {isa = PBXBuildFile; fileRef = 62F3B04F176CEFF800E4BA8F /* SDWebImageDownloader.m */; };
		62F3B066176CEFF800E4BA8F /* SDWebImageManager.m in Sources */ = {isa = PBXBuildFile; fileRef = 62F3B052176CEFF800E4BA8F /* SDWebImageManager.m */; };
		62F3B067176CEFF800E4BA8F /* SDWebImagePrefetcher.m in Sources */ = {isa = PBXBuildFile; fileRef = 62F3B055176CEFF800E4BA8F /* SDWebImagePrefetcher.m */; };
		62F3B068176CEFF800E4BA8F /* UIButton+WebCache.m in Sources */ = {isa = PBXBuildFile; fileRef = 62F3B057176CEFF800E4BA8F /* UIButton+WebCache.m */; };
		62F3B069176CEFF800E4BA8F /* UIImageView+WebCache.m in Sources */ = {isa = PBXBuildFile; fileRef = 62F3B059176CEFF800E4BA8F /* UIImageView+WebCache.m */; };
		62F3B06B176CF0CC00E4BA8F /* ImageIO.framework in Frameworks */ = {isa = PBXBuildFile; fileRef = 62F3B06A176CF0CC00E4BA8F /* ImageIO.framework */; };
		62FC9A56175F721900A22AAD /* MainStoryboard.storyboard in Resources */ = {isa = PBXBuildFile; fileRef = 62FC9A55175F721900A22AAD /* MainStoryboard.storyboard */; };
		62FC9A5A175F81B100A22AAD /* AllNotificationViewController.m in Sources */ = {isa = PBXBuildFile; fileRef = 62FC9A59175F81B100A22AAD /* AllNotificationViewController.m */; };
		62FC9A60175F947D00A22AAD /* AllNetworkingViewController.m in Sources */ = {isa = PBXBuildFile; fileRef = 62FC9A5F175F947D00A22AAD /* AllNetworkingViewController.m */; };
		9D323B361758AD2600B2424D /* Update.m in Sources */ = {isa = PBXBuildFile; fileRef = 9D323B351758AD2600B2424D /* Update.m */; };
		9D323B371758AD2600B2424D /* Update.m in Sources */ = {isa = PBXBuildFile; fileRef = 9D323B351758AD2600B2424D /* Update.m */; };
		9D877CB7176FCF6600894D5C /* defaultPerson.jpg in Resources */ = {isa = PBXBuildFile; fileRef = 9D877CB6176FCF6600894D5C /* defaultPerson.jpg */; };
		9D877CBF177220FA00894D5C /* Search.m in Sources */ = {isa = PBXBuildFile; fileRef = 9D877CBE177220FA00894D5C /* Search.m */; };
		9DBF865B1755FD6E00845BD7 /* UIKit.framework in Frameworks */ = {isa = PBXBuildFile; fileRef = 9DBF865A1755FD6E00845BD7 /* UIKit.framework */; };
		9DBF865D1755FD6E00845BD7 /* Foundation.framework in Frameworks */ = {isa = PBXBuildFile; fileRef = 9DBF865C1755FD6E00845BD7 /* Foundation.framework */; };
		9DBF865F1755FD6E00845BD7 /* CoreGraphics.framework in Frameworks */ = {isa = PBXBuildFile; fileRef = 9DBF865E1755FD6E00845BD7 /* CoreGraphics.framework */; };
		9DBF86611755FD6E00845BD7 /* CoreData.framework in Frameworks */ = {isa = PBXBuildFile; fileRef = 9DBF86601755FD6E00845BD7 /* CoreData.framework */; };
		9DBF86671755FD6E00845BD7 /* InfoPlist.strings in Resources */ = {isa = PBXBuildFile; fileRef = 9DBF86651755FD6E00845BD7 /* InfoPlist.strings */; };
		9DBF86691755FD6E00845BD7 /* main.m in Sources */ = {isa = PBXBuildFile; fileRef = 9DBF86681755FD6E00845BD7 /* main.m */; };
		9DBF866D1755FD6E00845BD7 /* AppDelegate.m in Sources */ = {isa = PBXBuildFile; fileRef = 9DBF866C1755FD6E00845BD7 /* AppDelegate.m */; };
		9DBF866F1755FD6E00845BD7 /* Default.png in Resources */ = {isa = PBXBuildFile; fileRef = 9DBF866E1755FD6E00845BD7 /* Default.png */; };
		9DBF86711755FD6E00845BD7 /* Default@2x.png in Resources */ = {isa = PBXBuildFile; fileRef = 9DBF86701755FD6E00845BD7 /* Default@2x.png */; };
		9DBF86731755FD6E00845BD7 /* Default-568h@2x.png in Resources */ = {isa = PBXBuildFile; fileRef = 9DBF86721755FD6E00845BD7 /* Default-568h@2x.png */; };
		9DBF86761755FD6E00845BD7 /* iConfs_iOS.xcdatamodeld in Sources */ = {isa = PBXBuildFile; fileRef = 9DBF86741755FD6E00845BD7 /* iConfs_iOS.xcdatamodeld */; };
		9DBF867E1755FD6E00845BD7 /* SenTestingKit.framework in Frameworks */ = {isa = PBXBuildFile; fileRef = 9DBF867D1755FD6E00845BD7 /* SenTestingKit.framework */; };
		9DBF867F1755FD6E00845BD7 /* UIKit.framework in Frameworks */ = {isa = PBXBuildFile; fileRef = 9DBF865A1755FD6E00845BD7 /* UIKit.framework */; };
		9DBF86801755FD6E00845BD7 /* Foundation.framework in Frameworks */ = {isa = PBXBuildFile; fileRef = 9DBF865C1755FD6E00845BD7 /* Foundation.framework */; };
		9DBF86811755FD6E00845BD7 /* CoreData.framework in Frameworks */ = {isa = PBXBuildFile; fileRef = 9DBF86601755FD6E00845BD7 /* CoreData.framework */; };
		9DBF86891755FD6E00845BD7 /* InfoPlist.strings in Resources */ = {isa = PBXBuildFile; fileRef = 9DBF86871755FD6E00845BD7 /* InfoPlist.strings */; };
		9DBF868C1755FD6E00845BD7 /* iConfs_iOSTests.m in Sources */ = {isa = PBXBuildFile; fileRef = 9DBF868B1755FD6E00845BD7 /* iConfs_iOSTests.m */; };
		9DBF869A1756006200845BD7 /* IConfsViewController.m in Sources */ = {isa = PBXBuildFile; fileRef = 9DBF86991756006200845BD7 /* IConfsViewController.m */; };
		9DBF869D175600D700845BD7 /* Feedback.m in Sources */ = {isa = PBXBuildFile; fileRef = 9DBF869C175600D700845BD7 /* Feedback.m */; };
		9DBF86A01756014000845BD7 /* Message.m in Sources */ = {isa = PBXBuildFile; fileRef = 9DBF869F1756014000845BD7 /* Message.m */; };
		9DBF86A61756021800845BD7 /* CommunicationViewController.m in Sources */ = {isa = PBXBuildFile; fileRef = 9DBF86A51756021800845BD7 /* CommunicationViewController.m */; };
		9DBF86A8175602F200845BD7 /* libsqlite3.0.dylib in Frameworks */ = {isa = PBXBuildFile; fileRef = 9DBF86A7175602F100845BD7 /* libsqlite3.0.dylib */; };
/* End PBXBuildFile section */

/* Begin PBXContainerItemProxy section */
		621A5A2D175E494000B02EEC /* PBXContainerItemProxy */ = {
			isa = PBXContainerItemProxy;
			containerPortal = 621A5A28175E494000B02EEC /* TapkuLibrary.xcodeproj */;
			proxyType = 2;
			remoteGlobalIDString = D2AAC07E0554694100DB518D;
			remoteInfo = TapkuLibrary;
		};
		621A5A2F175E494000B02EEC /* PBXContainerItemProxy */ = {
			isa = PBXContainerItemProxy;
			containerPortal = 621A5A28175E494000B02EEC /* TapkuLibrary.xcodeproj */;
			proxyType = 2;
			remoteGlobalIDString = 3B45DDF1134C736600D24C1A;
			remoteInfo = LogicTests;
		};
		621A5A31175E497A00B02EEC /* PBXContainerItemProxy */ = {
			isa = PBXContainerItemProxy;
			containerPortal = 621A5A28175E494000B02EEC /* TapkuLibrary.xcodeproj */;
			proxyType = 1;
			remoteGlobalIDString = D2AAC07D0554694100DB518D;
			remoteInfo = TapkuLibrary;
		};
		9DBF86821755FD6E00845BD7 /* PBXContainerItemProxy */ = {
			isa = PBXContainerItemProxy;
			containerPortal = 9DBF864F1755FD6E00845BD7 /* Project object */;
			proxyType = 1;
			remoteGlobalIDString = 9DBF86561755FD6E00845BD7;
			remoteInfo = "iConfs-iOS";
		};
/* End PBXContainerItemProxy section */

/* Begin PBXFileReference section */
		620ABA4817578A4C000E5FFA /* NotificationViewController.h */ = {isa = PBXFileReference; fileEncoding = 4; lastKnownFileType = sourcecode.c.h; path = NotificationViewController.h; sourceTree = "<group>"; };
		620ABA4917578A4C000E5FFA /* NotificationViewController.m */ = {isa = PBXFileReference; fileEncoding = 4; lastKnownFileType = sourcecode.c.objc; path = NotificationViewController.m; sourceTree = "<group>"; };
		620ABA4B17579D67000E5FFA /* Notification.h */ = {isa = PBXFileReference; fileEncoding = 4; lastKnownFileType = sourcecode.c.h; path = Notification.h; sourceTree = "<group>"; };
		620ABA4C17579D67000E5FFA /* Notification.m */ = {isa = PBXFileReference; fileEncoding = 4; lastKnownFileType = sourcecode.c.objc; path = Notification.m; sourceTree = "<group>"; };
		620ABA4E17579F04000E5FFA /* HomeViewController.h */ = {isa = PBXFileReference; fileEncoding = 4; lastKnownFileType = sourcecode.c.h; path = HomeViewController.h; sourceTree = "<group>"; };
		620ABA4F17579F04000E5FFA /* HomeViewController.m */ = {isa = PBXFileReference; fileEncoding = 4; lastKnownFileType = sourcecode.c.objc; path = HomeViewController.m; sourceTree = "<group>"; };
		621A59F0175A403700B02EEC /* NetworkingViewController.h */ = {isa = PBXFileReference; fileEncoding = 4; lastKnownFileType = sourcecode.c.h; path = NetworkingViewController.h; sourceTree = "<group>"; };
		621A59F1175A403700B02EEC /* NetworkingViewController.m */ = {isa = PBXFileReference; fileEncoding = 4; lastKnownFileType = sourcecode.c.objc; path = NetworkingViewController.m; sourceTree = "<group>"; };
		621A59F3175A40FE00B02EEC /* Networking.h */ = {isa = PBXFileReference; fileEncoding = 4; lastKnownFileType = sourcecode.c.h; path = Networking.h; sourceTree = "<group>"; };
		621A59F4175A40FE00B02EEC /* Networking.m */ = {isa = PBXFileReference; fileEncoding = 4; lastKnownFileType = sourcecode.c.objc; path = Networking.m; sourceTree = "<group>"; };
		621A59F6175A5A5500B02EEC /* Person.h */ = {isa = PBXFileReference; fileEncoding = 4; lastKnownFileType = sourcecode.c.h; path = Person.h; sourceTree = "<group>"; };
		621A59F7175A5A5500B02EEC /* Person.m */ = {isa = PBXFileReference; fileEncoding = 4; lastKnownFileType = sourcecode.c.objc; path = Person.m; sourceTree = "<group>"; };
		621A59F9175BC6D600B02EEC /* PersonProfileViewController.h */ = {isa = PBXFileReference; fileEncoding = 4; lastKnownFileType = sourcecode.c.h; path = PersonProfileViewController.h; sourceTree = "<group>"; };
		621A59FA175BC6D600B02EEC /* PersonProfileViewController.m */ = {isa = PBXFileReference; fileEncoding = 4; lastKnownFileType = sourcecode.c.objc; path = PersonProfileViewController.m; sourceTree = "<group>"; };
		621A59FF175E18B100B02EEC /* Contacts.jpg */ = {isa = PBXFileReference; lastKnownFileType = image.jpeg; path = Contacts.jpg; sourceTree = "<group>"; };
		621A5A00175E18B100B02EEC /* maps.jpg */ = {isa = PBXFileReference; lastKnownFileType = image.jpeg; path = maps.jpg; sourceTree = "<group>"; };
		621A5A01175E18B100B02EEC /* Networking.jpg */ = {isa = PBXFileReference; lastKnownFileType = image.jpeg; path = Networking.jpg; sourceTree = "<group>"; };
		621A5A02175E18B100B02EEC /* Notes.jpg */ = {isa = PBXFileReference; lastKnownFileType = image.jpeg; path = Notes.jpg; sourceTree = "<group>"; };
		621A5A03175E18B100B02EEC /* Notifications.jpg */ = {isa = PBXFileReference; lastKnownFileType = image.jpeg; path = Notifications.jpg; sourceTree = "<group>"; };
		621A5A04175E18B100B02EEC /* Organization.jpg */ = {isa = PBXFileReference; lastKnownFileType = image.jpeg; path = Organization.jpg; sourceTree = "<group>"; };
		621A5A05175E18B100B02EEC /* Schedule.jpg */ = {isa = PBXFileReference; lastKnownFileType = image.jpeg; path = Schedule.jpg; sourceTree = "<group>"; };
		621A5A1E175E456300B02EEC /* MapKit.framework */ = {isa = PBXFileReference; lastKnownFileType = wrapper.framework; name = MapKit.framework; path = System/Library/Frameworks/MapKit.framework; sourceTree = SDKROOT; };
		621A5A20175E456C00B02EEC /* QuartzCore.framework */ = {isa = PBXFileReference; lastKnownFileType = wrapper.framework; name = QuartzCore.framework; path = System/Library/Frameworks/QuartzCore.framework; sourceTree = SDKROOT; };
		621A5A26175E493700B02EEC /* TapkuLibrary.bundle */ = {isa = PBXFileReference; lastKnownFileType = "wrapper.plug-in"; name = TapkuLibrary.bundle; path = "iConfs-iOS/ownFrameworks/tapkulibrary/src/TapkuLibrary.bundle"; sourceTree = "<group>"; };
		621A5A28175E494000B02EEC /* TapkuLibrary.xcodeproj */ = {isa = PBXFileReference; lastKnownFileType = "wrapper.pb-project"; name = TapkuLibrary.xcodeproj; path = "iConfs-iOS/ownFrameworks/tapkulibrary/src/TapkuLibrary.xcodeproj"; sourceTree = "<group>"; };
		621A5A3D175E506300B02EEC /* PersonalProgramTKCalendarDayViewController.h */ = {isa = PBXFileReference; fileEncoding = 4; lastKnownFileType = sourcecode.c.h; path = PersonalProgramTKCalendarDayViewController.h; sourceTree = "<group>"; };
		621A5A3E175E506300B02EEC /* PersonalProgramTKCalendarDayViewController.m */ = {isa = PBXFileReference; fileEncoding = 4; lastKnownFileType = sourcecode.c.objc; path = PersonalProgramTKCalendarDayViewController.m; sourceTree = "<group>"; };
		621A5A53175E98CB00B02EEC /* Event.h */ = {isa = PBXFileReference; fileEncoding = 4; lastKnownFileType = sourcecode.c.h; path = Event.h; sourceTree = "<group>"; };
		621A5A54175E98CB00B02EEC /* Event.m */ = {isa = PBXFileReference; fileEncoding = 4; lastKnownFileType = sourcecode.c.objc; path = Event.m; sourceTree = "<group>"; };
		62AF25C217738ACB00B27B8D /* PersonalInfo.h */ = {isa = PBXFileReference; fileEncoding = 4; lastKnownFileType = sourcecode.c.h; path = PersonalInfo.h; sourceTree = "<group>"; };
		62AF25C317738ACB00B27B8D /* PersonalInfo.m */ = {isa = PBXFileReference; fileEncoding = 4; lastKnownFileType = sourcecode.c.objc; path = PersonalInfo.m; sourceTree = "<group>"; };
		62AF25C81774AB1400B27B8D /* SearchViewController.h */ = {isa = PBXFileReference; fileEncoding = 4; lastKnownFileType = sourcecode.c.h; path = SearchViewController.h; sourceTree = "<group>"; };
		62AF25C91774AB1400B27B8D /* SearchViewController.m */ = {isa = PBXFileReference; fileEncoding = 4; lastKnownFileType = sourcecode.c.objc; path = SearchViewController.m; sourceTree = "<group>"; };
		62C372FF176F5B2800557724 /* Note.h */ = {isa = PBXFileReference; fileEncoding = 4; lastKnownFileType = sourcecode.c.h; path = Note.h; sourceTree = "<group>"; };
		62C37300176F5B2800557724 /* Note.m */ = {isa = PBXFileReference; fileEncoding = 4; lastKnownFileType = sourcecode.c.objc; path = Note.m; sourceTree = "<group>"; };
		62C3730E1770A24300557724 /* Home.png */ = {isa = PBXFileReference; lastKnownFileType = image.png; path = Home.png; sourceTree = "<group>"; };
		62C373101770D47800557724 /* defaultTableViewBackground.png */ = {isa = PBXFileReference; lastKnownFileType = image.png; path = defaultTableViewBackground.png; sourceTree = "<group>"; };
		62F3AF6D1760CE3E00E4BA8F /* EventUIViewController.h */ = {isa = PBXFileReference; fileEncoding = 4; lastKnownFileType = sourcecode.c.h; path = EventUIViewController.h; sourceTree = "<group>"; };
		62F3AF6E1760CE3E00E4BA8F /* EventUIViewController.m */ = {isa = PBXFileReference; fileEncoding = 4; lastKnownFileType = sourcecode.c.objc; path = EventUIViewController.m; sourceTree = "<group>"; };
		62F3AF731760E68F00E4BA8F /* Author.h */ = {isa = PBXFileReference; fileEncoding = 4; lastKnownFileType = sourcecode.c.h; path = Author.h; sourceTree = "<group>"; };
		62F3AF741760E68F00E4BA8F /* Author.m */ = {isa = PBXFileReference; fileEncoding = 4; lastKnownFileType = sourcecode.c.objc; path = Author.m; sourceTree = "<group>"; };
		62F3AFCE1764DF2A00E4BA8F /* Local.h */ = {isa = PBXFileReference; fileEncoding = 4; lastKnownFileType = sourcecode.c.h; path = Local.h; sourceTree = "<group>"; };
		62F3AFCF1764DF2A00E4BA8F /* Local.m */ = {isa = PBXFileReference; fileEncoding = 4; lastKnownFileType = sourcecode.c.objc; path = Local.m; sourceTree = "<group>"; };
		62F3AFD21768D56700E4BA8F /* NoteViewController.h */ = {isa = PBXFileReference; fileEncoding = 4; lastKnownFileType = sourcecode.c.h; path = NoteViewController.h; sourceTree = "<group>"; };
		62F3AFD31768D56800E4BA8F /* NoteViewController.m */ = {isa = PBXFileReference; fileEncoding = 4; lastKnownFileType = sourcecode.c.objc; path = NoteViewController.m; sourceTree = "<group>"; };
		62F3AFD7176A206500E4BA8F /* ImageViewController.h */ = {isa = PBXFileReference; fileEncoding = 4; lastKnownFileType = sourcecode.c.h; path = ImageViewController.h; sourceTree = "<group>"; };
		62F3AFD8176A206600E4BA8F /* ImageViewController.m */ = {isa = PBXFileReference; fileEncoding = 4; lastKnownFileType = sourcecode.c.objc; path = ImageViewController.m; sourceTree = "<group>"; };
		62F3B002176C72E500E4BA8F /* AllNotesViewController.h */ = {isa = PBXFileReference; fileEncoding = 4; lastKnownFileType = sourcecode.c.h; path = AllNotesViewController.h; sourceTree = "<group>"; };
		62F3B003176C72E600E4BA8F /* AllNotesViewController.m */ = {isa = PBXFileReference; fileEncoding = 4; lastKnownFileType = sourcecode.c.objc; path = AllNotesViewController.m; sourceTree = "<group>"; };
		62F3B03C176CEFF800E4BA8F /* KNDefaultImage.png */ = {isa = PBXFileReference; lastKnownFileType = image.png; path = KNDefaultImage.png; sourceTree = "<group>"; };
		62F3B03D176CEFF800E4BA8F /* KNDefaultImage@2x.png */ = {isa = PBXFileReference; lastKnownFileType = image.png; path = "KNDefaultImage@2x.png"; sourceTree = "<group>"; };
		62F3B03E176CEFF800E4BA8F /* KNSelectorTip.png */ = {isa = PBXFileReference; lastKnownFileType = image.png; path = KNSelectorTip.png; sourceTree = "<group>"; };
		62F3B03F176CEFF800E4BA8F /* KNSelectorTip@2x.png */ = {isa = PBXFileReference; lastKnownFileType = image.png; path = "KNSelectorTip@2x.png"; sourceTree = "<group>"; };
		62F3B040176CEFF800E4BA8F /* KNZoomIcon.png */ = {isa = PBXFileReference; lastKnownFileType = image.png; path = KNZoomIcon.png; sourceTree = "<group>"; };
		62F3B041176CEFF800E4BA8F /* KNZoomIcon@2x.png */ = {isa = PBXFileReference; lastKnownFileType = image.png; path = "KNZoomIcon@2x.png"; sourceTree = "<group>"; };
		62F3B042176CEFF800E4BA8F /* KNMultiItemSelector.h */ = {isa = PBXFileReference; fileEncoding = 4; lastKnownFileType = sourcecode.c.h; path = KNMultiItemSelector.h; sourceTree = "<group>"; };
		62F3B043176CEFF800E4BA8F /* KNMultiItemSelector.m */ = {isa = PBXFileReference; fileEncoding = 4; lastKnownFileType = sourcecode.c.objc; path = KNMultiItemSelector.m; sourceTree = "<group>"; };
		62F3B044176CEFF800E4BA8F /* KNSelectorItem.h */ = {isa = PBXFileReference; fileEncoding = 4; lastKnownFileType = sourcecode.c.h; path = KNSelectorItem.h; sourceTree = "<group>"; };
		62F3B045176CEFF800E4BA8F /* KNSelectorItem.m */ = {isa = PBXFileReference; fileEncoding = 4; lastKnownFileType = sourcecode.c.objc; path = KNSelectorItem.m; sourceTree = "<group>"; };
		62F3B047176CEFF800E4BA8F /* LICENSE */ = {isa = PBXFileReference; fileEncoding = 4; lastKnownFileType = text; path = LICENSE; sourceTree = "<group>"; };
		62F3B048176CEFF800E4BA8F /* SDImageCache.h */ = {isa = PBXFileReference; fileEncoding = 4; lastKnownFileType = sourcecode.c.h; path = SDImageCache.h; sourceTree = "<group>"; };
		62F3B049176CEFF800E4BA8F /* SDImageCache.m */ = {isa = PBXFileReference; fileEncoding = 4; lastKnownFileType = sourcecode.c.objc; path = SDImageCache.m; sourceTree = "<group>"; };
		62F3B04A176CEFF800E4BA8F /* SDImageCacheDelegate.h */ = {isa = PBXFileReference; fileEncoding = 4; lastKnownFileType = sourcecode.c.h; path = SDImageCacheDelegate.h; sourceTree = "<group>"; };
		62F3B04B176CEFF800E4BA8F /* SDWebImageCompat.h */ = {isa = PBXFileReference; fileEncoding = 4; lastKnownFileType = sourcecode.c.h; path = SDWebImageCompat.h; sourceTree = "<group>"; };
		62F3B04C176CEFF800E4BA8F /* SDWebImageDecoder.h */ = {isa = PBXFileReference; fileEncoding = 4; lastKnownFileType = sourcecode.c.h; path = SDWebImageDecoder.h; sourceTree = "<group>"; };
		62F3B04D176CEFF800E4BA8F /* SDWebImageDecoder.m */ = {isa = PBXFileReference; fileEncoding = 4; lastKnownFileType = sourcecode.c.objc; path = SDWebImageDecoder.m; sourceTree = "<group>"; };
		62F3B04E176CEFF800E4BA8F /* SDWebImageDownloader.h */ = {isa = PBXFileReference; fileEncoding = 4; lastKnownFileType = sourcecode.c.h; path = SDWebImageDownloader.h; sourceTree = "<group>"; };
		62F3B04F176CEFF800E4BA8F /* SDWebImageDownloader.m */ = {isa = PBXFileReference; fileEncoding = 4; lastKnownFileType = sourcecode.c.objc; path = SDWebImageDownloader.m; sourceTree = "<group>"; };
		62F3B050176CEFF800E4BA8F /* SDWebImageDownloaderDelegate.h */ = {isa = PBXFileReference; fileEncoding = 4; lastKnownFileType = sourcecode.c.h; path = SDWebImageDownloaderDelegate.h; sourceTree = "<group>"; };
		62F3B051176CEFF800E4BA8F /* SDWebImageManager.h */ = {isa = PBXFileReference; fileEncoding = 4; lastKnownFileType = sourcecode.c.h; path = SDWebImageManager.h; sourceTree = "<group>"; };
		62F3B052176CEFF800E4BA8F /* SDWebImageManager.m */ = {isa = PBXFileReference; fileEncoding = 4; lastKnownFileType = sourcecode.c.objc; path = SDWebImageManager.m; sourceTree = "<group>"; };
		62F3B053176CEFF800E4BA8F /* SDWebImageManagerDelegate.h */ = {isa = PBXFileReference; fileEncoding = 4; lastKnownFileType = sourcecode.c.h; path = SDWebImageManagerDelegate.h; sourceTree = "<group>"; };
		62F3B054176CEFF800E4BA8F /* SDWebImagePrefetcher.h */ = {isa = PBXFileReference; fileEncoding = 4; lastKnownFileType = sourcecode.c.h; path = SDWebImagePrefetcher.h; sourceTree = "<group>"; };
		62F3B055176CEFF800E4BA8F /* SDWebImagePrefetcher.m */ = {isa = PBXFileReference; fileEncoding = 4; lastKnownFileType = sourcecode.c.objc; path = SDWebImagePrefetcher.m; sourceTree = "<group>"; };
		62F3B056176CEFF800E4BA8F /* UIButton+WebCache.h */ = {isa = PBXFileReference; fileEncoding = 4; lastKnownFileType = sourcecode.c.h; path = "UIButton+WebCache.h"; sourceTree = "<group>"; };
		62F3B057176CEFF800E4BA8F /* UIButton+WebCache.m */ = {isa = PBXFileReference; fileEncoding = 4; lastKnownFileType = sourcecode.c.objc; path = "UIButton+WebCache.m"; sourceTree = "<group>"; };
		62F3B058176CEFF800E4BA8F /* UIImageView+WebCache.h */ = {isa = PBXFileReference; fileEncoding = 4; lastKnownFileType = sourcecode.c.h; path = "UIImageView+WebCache.h"; sourceTree = "<group>"; };
		62F3B059176CEFF800E4BA8F /* UIImageView+WebCache.m */ = {isa = PBXFileReference; fileEncoding = 4; lastKnownFileType = sourcecode.c.objc; path = "UIImageView+WebCache.m"; sourceTree = "<group>"; };
		62F3B06A176CF0CC00E4BA8F /* ImageIO.framework */ = {isa = PBXFileReference; lastKnownFileType = wrapper.framework; name = ImageIO.framework; path = System/Library/Frameworks/ImageIO.framework; sourceTree = SDKROOT; };
		62FC9A55175F721900A22AAD /* MainStoryboard.storyboard */ = {isa = PBXFileReference; fileEncoding = 4; lastKnownFileType = file.storyboard; path = MainStoryboard.storyboard; sourceTree = "<group>"; };
		62FC9A58175F81B100A22AAD /* AllNotificationViewController.h */ = {isa = PBXFileReference; fileEncoding = 4; lastKnownFileType = sourcecode.c.h; path = AllNotificationViewController.h; sourceTree = "<group>"; };
		62FC9A59175F81B100A22AAD /* AllNotificationViewController.m */ = {isa = PBXFileReference; fileEncoding = 4; lastKnownFileType = sourcecode.c.objc; path = AllNotificationViewController.m; sourceTree = "<group>"; };
		62FC9A5E175F947D00A22AAD /* AllNetworkingViewController.h */ = {isa = PBXFileReference; fileEncoding = 4; lastKnownFileType = sourcecode.c.h; path = AllNetworkingViewController.h; sourceTree = "<group>"; };
		62FC9A5F175F947D00A22AAD /* AllNetworkingViewController.m */ = {isa = PBXFileReference; fileEncoding = 4; lastKnownFileType = sourcecode.c.objc; path = AllNetworkingViewController.m; sourceTree = "<group>"; };
		9D323B341758AD2600B2424D /* Update.h */ = {isa = PBXFileReference; fileEncoding = 4; lastKnownFileType = sourcecode.c.h; path = Update.h; sourceTree = "<group>"; };
		9D323B351758AD2600B2424D /* Update.m */ = {isa = PBXFileReference; fileEncoding = 4; lastKnownFileType = sourcecode.c.objc; path = Update.m; sourceTree = "<group>"; };
		9D877CB6176FCF6600894D5C /* defaultPerson.jpg */ = {isa = PBXFileReference; lastKnownFileType = image.jpeg; path = defaultPerson.jpg; sourceTree = "<group>"; };
		9D877CBD177220FA00894D5C /* Search.h */ = {isa = PBXFileReference; fileEncoding = 4; lastKnownFileType = sourcecode.c.h; path = Search.h; sourceTree = "<group>"; };
		9D877CBE177220FA00894D5C /* Search.m */ = {isa = PBXFileReference; fileEncoding = 4; lastKnownFileType = sourcecode.c.objc; path = Search.m; sourceTree = "<group>"; };
		9DBF86571755FD6E00845BD7 /* iConfs-iOS.app */ = {isa = PBXFileReference; explicitFileType = wrapper.application; includeInIndex = 0; path = "iConfs-iOS.app"; sourceTree = BUILT_PRODUCTS_DIR; };
		9DBF865A1755FD6E00845BD7 /* UIKit.framework */ = {isa = PBXFileReference; lastKnownFileType = wrapper.framework; name = UIKit.framework; path = System/Library/Frameworks/UIKit.framework; sourceTree = SDKROOT; };
		9DBF865C1755FD6E00845BD7 /* Foundation.framework */ = {isa = PBXFileReference; lastKnownFileType = wrapper.framework; name = Foundation.framework; path = System/Library/Frameworks/Foundation.framework; sourceTree = SDKROOT; };
		9DBF865E1755FD6E00845BD7 /* CoreGraphics.framework */ = {isa = PBXFileReference; lastKnownFileType = wrapper.framework; name = CoreGraphics.framework; path = System/Library/Frameworks/CoreGraphics.framework; sourceTree = SDKROOT; };
		9DBF86601755FD6E00845BD7 /* CoreData.framework */ = {isa = PBXFileReference; lastKnownFileType = wrapper.framework; name = CoreData.framework; path = System/Library/Frameworks/CoreData.framework; sourceTree = SDKROOT; };
		9DBF86641755FD6E00845BD7 /* iConfs-iOS-Info.plist */ = {isa = PBXFileReference; lastKnownFileType = text.plist.xml; path = "iConfs-iOS-Info.plist"; sourceTree = "<group>"; };
		9DBF86661755FD6E00845BD7 /* en */ = {isa = PBXFileReference; lastKnownFileType = text.plist.strings; name = en; path = en.lproj/InfoPlist.strings; sourceTree = "<group>"; };
		9DBF86681755FD6E00845BD7 /* main.m */ = {isa = PBXFileReference; lastKnownFileType = sourcecode.c.objc; path = main.m; sourceTree = "<group>"; };
		9DBF866A1755FD6E00845BD7 /* iConfs-iOS-Prefix.pch */ = {isa = PBXFileReference; lastKnownFileType = sourcecode.c.h; path = "iConfs-iOS-Prefix.pch"; sourceTree = "<group>"; };
		9DBF866B1755FD6E00845BD7 /* AppDelegate.h */ = {isa = PBXFileReference; lastKnownFileType = sourcecode.c.h; path = AppDelegate.h; sourceTree = "<group>"; };
		9DBF866C1755FD6E00845BD7 /* AppDelegate.m */ = {isa = PBXFileReference; lastKnownFileType = sourcecode.c.objc; path = AppDelegate.m; sourceTree = "<group>"; };
		9DBF866E1755FD6E00845BD7 /* Default.png */ = {isa = PBXFileReference; lastKnownFileType = image.png; path = Default.png; sourceTree = "<group>"; };
		9DBF86701755FD6E00845BD7 /* Default@2x.png */ = {isa = PBXFileReference; lastKnownFileType = image.png; path = "Default@2x.png"; sourceTree = "<group>"; };
		9DBF86721755FD6E00845BD7 /* Default-568h@2x.png */ = {isa = PBXFileReference; lastKnownFileType = image.png; path = "Default-568h@2x.png"; sourceTree = "<group>"; };
		9DBF86751755FD6E00845BD7 /* iConfs_iOS.xcdatamodel */ = {isa = PBXFileReference; lastKnownFileType = wrapper.xcdatamodel; path = iConfs_iOS.xcdatamodel; sourceTree = "<group>"; };
		9DBF867C1755FD6E00845BD7 /* iConfs-iOSTests.octest */ = {isa = PBXFileReference; explicitFileType = wrapper.cfbundle; includeInIndex = 0; path = "iConfs-iOSTests.octest"; sourceTree = BUILT_PRODUCTS_DIR; };
		9DBF867D1755FD6E00845BD7 /* SenTestingKit.framework */ = {isa = PBXFileReference; lastKnownFileType = wrapper.framework; name = SenTestingKit.framework; path = Library/Frameworks/SenTestingKit.framework; sourceTree = DEVELOPER_DIR; };
		9DBF86861755FD6E00845BD7 /* iConfs-iOSTests-Info.plist */ = {isa = PBXFileReference; lastKnownFileType = text.plist.xml; path = "iConfs-iOSTests-Info.plist"; sourceTree = "<group>"; };
		9DBF86881755FD6E00845BD7 /* en */ = {isa = PBXFileReference; lastKnownFileType = text.plist.strings; name = en; path = en.lproj/InfoPlist.strings; sourceTree = "<group>"; };
		9DBF868A1755FD6E00845BD7 /* iConfs_iOSTests.h */ = {isa = PBXFileReference; lastKnownFileType = sourcecode.c.h; path = iConfs_iOSTests.h; sourceTree = "<group>"; };
		9DBF868B1755FD6E00845BD7 /* iConfs_iOSTests.m */ = {isa = PBXFileReference; lastKnownFileType = sourcecode.c.objc; path = iConfs_iOSTests.m; sourceTree = "<group>"; };
		9DBF86981756006200845BD7 /* IConfsViewController.h */ = {isa = PBXFileReference; fileEncoding = 4; lastKnownFileType = sourcecode.c.h; path = IConfsViewController.h; sourceTree = "<group>"; };
		9DBF86991756006200845BD7 /* IConfsViewController.m */ = {isa = PBXFileReference; fileEncoding = 4; lastKnownFileType = sourcecode.c.objc; path = IConfsViewController.m; sourceTree = "<group>"; };
		9DBF869B175600D700845BD7 /* Feedback.h */ = {isa = PBXFileReference; fileEncoding = 4; lastKnownFileType = sourcecode.c.h; path = Feedback.h; sourceTree = "<group>"; };
		9DBF869C175600D700845BD7 /* Feedback.m */ = {isa = PBXFileReference; fileEncoding = 4; lastKnownFileType = sourcecode.c.objc; path = Feedback.m; sourceTree = "<group>"; };
		9DBF869E1756014000845BD7 /* Message.h */ = {isa = PBXFileReference; fileEncoding = 4; lastKnownFileType = sourcecode.c.h; path = Message.h; sourceTree = "<group>"; };
		9DBF869F1756014000845BD7 /* Message.m */ = {isa = PBXFileReference; fileEncoding = 4; lastKnownFileType = sourcecode.c.objc; path = Message.m; sourceTree = "<group>"; };
		9DBF86A41756021800845BD7 /* CommunicationViewController.h */ = {isa = PBXFileReference; fileEncoding = 4; lastKnownFileType = sourcecode.c.h; path = CommunicationViewController.h; sourceTree = "<group>"; };
		9DBF86A51756021800845BD7 /* CommunicationViewController.m */ = {isa = PBXFileReference; fileEncoding = 4; lastKnownFileType = sourcecode.c.objc; path = CommunicationViewController.m; sourceTree = "<group>"; };
		9DBF86A7175602F100845BD7 /* libsqlite3.0.dylib */ = {isa = PBXFileReference; lastKnownFileType = "compiled.mach-o.dylib"; name = libsqlite3.0.dylib; path = usr/lib/libsqlite3.0.dylib; sourceTree = SDKROOT; };
/* End PBXFileReference section */

/* Begin PBXFrameworksBuildPhase section */
		9DBF86541755FD6E00845BD7 /* Frameworks */ = {
			isa = PBXFrameworksBuildPhase;
			buildActionMask = 2147483647;
			files = (
				9DBF865F1755FD6E00845BD7 /* CoreGraphics.framework in Frameworks */,
				62F3B06B176CF0CC00E4BA8F /* ImageIO.framework in Frameworks */,
				621A5A33175E499300B02EEC /* libTapkuLibrary.a in Frameworks */,
				621A5A21175E456C00B02EEC /* QuartzCore.framework in Frameworks */,
				621A5A1F175E456300B02EEC /* MapKit.framework in Frameworks */,
				9DBF86A8175602F200845BD7 /* libsqlite3.0.dylib in Frameworks */,
				9DBF865B1755FD6E00845BD7 /* UIKit.framework in Frameworks */,
				9DBF865D1755FD6E00845BD7 /* Foundation.framework in Frameworks */,
				9DBF86611755FD6E00845BD7 /* CoreData.framework in Frameworks */,
			);
			runOnlyForDeploymentPostprocessing = 0;
		};
		9DBF86781755FD6E00845BD7 /* Frameworks */ = {
			isa = PBXFrameworksBuildPhase;
			buildActionMask = 2147483647;
			files = (
				9DBF867E1755FD6E00845BD7 /* SenTestingKit.framework in Frameworks */,
				9DBF867F1755FD6E00845BD7 /* UIKit.framework in Frameworks */,
				9DBF86801755FD6E00845BD7 /* Foundation.framework in Frameworks */,
				9DBF86811755FD6E00845BD7 /* CoreData.framework in Frameworks */,
			);
			runOnlyForDeploymentPostprocessing = 0;
		};
/* End PBXFrameworksBuildPhase section */

/* Begin PBXGroup section */
		621A5A29175E494000B02EEC /* Products */ = {
			isa = PBXGroup;
			children = (
				621A5A2E175E494000B02EEC /* libTapkuLibrary.a */,
				621A5A30175E494000B02EEC /* LogicTests.octest */,
			);
			name = Products;
			sourceTree = "<group>";
		};
		62F3B03A176CEFF700E4BA8F /* KNMultiItemSelector */ = {
			isa = PBXGroup;
			children = (
				62F3B03B176CEFF800E4BA8F /* Images */,
				62F3B042176CEFF800E4BA8F /* KNMultiItemSelector.h */,
				62F3B043176CEFF800E4BA8F /* KNMultiItemSelector.m */,
				62F3B044176CEFF800E4BA8F /* KNSelectorItem.h */,
				62F3B045176CEFF800E4BA8F /* KNSelectorItem.m */,
				62F3B046176CEFF800E4BA8F /* SDWebImage */,
			);
			path = KNMultiItemSelector;
			sourceTree = "<group>";
		};
		62F3B03B176CEFF800E4BA8F /* Images */ = {
			isa = PBXGroup;
			children = (
				62F3B03C176CEFF800E4BA8F /* KNDefaultImage.png */,
				62F3B03D176CEFF800E4BA8F /* KNDefaultImage@2x.png */,
				62F3B03E176CEFF800E4BA8F /* KNSelectorTip.png */,
				62F3B03F176CEFF800E4BA8F /* KNSelectorTip@2x.png */,
				62F3B040176CEFF800E4BA8F /* KNZoomIcon.png */,
				62F3B041176CEFF800E4BA8F /* KNZoomIcon@2x.png */,
			);
			path = Images;
			sourceTree = "<group>";
		};
		62F3B046176CEFF800E4BA8F /* SDWebImage */ = {
			isa = PBXGroup;
			children = (
				62F3B047176CEFF800E4BA8F /* LICENSE */,
				62F3B048176CEFF800E4BA8F /* SDImageCache.h */,
				62F3B049176CEFF800E4BA8F /* SDImageCache.m */,
				62F3B04A176CEFF800E4BA8F /* SDImageCacheDelegate.h */,
				62F3B04B176CEFF800E4BA8F /* SDWebImageCompat.h */,
				62F3B04C176CEFF800E4BA8F /* SDWebImageDecoder.h */,
				62F3B04D176CEFF800E4BA8F /* SDWebImageDecoder.m */,
				62F3B04E176CEFF800E4BA8F /* SDWebImageDownloader.h */,
				62F3B04F176CEFF800E4BA8F /* SDWebImageDownloader.m */,
				62F3B050176CEFF800E4BA8F /* SDWebImageDownloaderDelegate.h */,
				62F3B051176CEFF800E4BA8F /* SDWebImageManager.h */,
				62F3B052176CEFF800E4BA8F /* SDWebImageManager.m */,
				62F3B053176CEFF800E4BA8F /* SDWebImageManagerDelegate.h */,
				62F3B054176CEFF800E4BA8F /* SDWebImagePrefetcher.h */,
				62F3B055176CEFF800E4BA8F /* SDWebImagePrefetcher.m */,
				62F3B056176CEFF800E4BA8F /* UIButton+WebCache.h */,
				62F3B057176CEFF800E4BA8F /* UIButton+WebCache.m */,
				62F3B058176CEFF800E4BA8F /* UIImageView+WebCache.h */,
				62F3B059176CEFF800E4BA8F /* UIImageView+WebCache.m */,
			);
			path = SDWebImage;
			sourceTree = "<group>";
		};
		9DBF864E1755FD6E00845BD7 = {
			isa = PBXGroup;
			children = (
				62F3B06A176CF0CC00E4BA8F /* ImageIO.framework */,
				621A5A28175E494000B02EEC /* TapkuLibrary.xcodeproj */,
				621A5A26175E493700B02EEC /* TapkuLibrary.bundle */,
				621A5A20175E456C00B02EEC /* QuartzCore.framework */,
				621A5A1E175E456300B02EEC /* MapKit.framework */,
				9DBF86A7175602F100845BD7 /* libsqlite3.0.dylib */,
				9DBF86621755FD6E00845BD7 /* iConfs-iOS */,
				9DBF86841755FD6E00845BD7 /* iConfs-iOSTests */,
				9DBF86591755FD6E00845BD7 /* Frameworks */,
				9DBF86581755FD6E00845BD7 /* Products */,
			);
			sourceTree = "<group>";
		};
		9DBF86581755FD6E00845BD7 /* Products */ = {
			isa = PBXGroup;
			children = (
				9DBF86571755FD6E00845BD7 /* iConfs-iOS.app */,
				9DBF867C1755FD6E00845BD7 /* iConfs-iOSTests.octest */,
			);
			name = Products;
			sourceTree = "<group>";
		};
		9DBF86591755FD6E00845BD7 /* Frameworks */ = {
			isa = PBXGroup;
			children = (
				9DBF865A1755FD6E00845BD7 /* UIKit.framework */,
				9DBF865C1755FD6E00845BD7 /* Foundation.framework */,
				9DBF865E1755FD6E00845BD7 /* CoreGraphics.framework */,
				9DBF86601755FD6E00845BD7 /* CoreData.framework */,
				9DBF867D1755FD6E00845BD7 /* SenTestingKit.framework */,
			);
			name = Frameworks;
			sourceTree = "<group>";
		};
		9DBF86621755FD6E00845BD7 /* iConfs-iOS */ = {
			isa = PBXGroup;
			children = (
				62FC9A55175F721900A22AAD /* MainStoryboard.storyboard */,
				9DBF86A41756021800845BD7 /* CommunicationViewController.h */,
				9DBF86A51756021800845BD7 /* CommunicationViewController.m */,
				9DBF869E1756014000845BD7 /* Message.h */,
				9DBF869F1756014000845BD7 /* Message.m */,
				9DBF869B175600D700845BD7 /* Feedback.h */,
				9DBF869C175600D700845BD7 /* Feedback.m */,
				62FC9A58175F81B100A22AAD /* AllNotificationViewController.h */,
				62FC9A59175F81B100A22AAD /* AllNotificationViewController.m */,
				620ABA4817578A4C000E5FFA /* NotificationViewController.h */,
				620ABA4917578A4C000E5FFA /* NotificationViewController.m */,
				620ABA4B17579D67000E5FFA /* Notification.h */,
				620ABA4C17579D67000E5FFA /* Notification.m */,
				621A59F0175A403700B02EEC /* NetworkingViewController.h */,
				621A59F1175A403700B02EEC /* NetworkingViewController.m */,
				621A59F3175A40FE00B02EEC /* Networking.h */,
				621A59F4175A40FE00B02EEC /* Networking.m */,
				621A59F9175BC6D600B02EEC /* PersonProfileViewController.h */,
				621A59FA175BC6D600B02EEC /* PersonProfileViewController.m */,
				621A59F6175A5A5500B02EEC /* Person.h */,
				621A59F7175A5A5500B02EEC /* Person.m */,
				9DBF866B1755FD6E00845BD7 /* AppDelegate.h */,
				9DBF866C1755FD6E00845BD7 /* AppDelegate.m */,
				620ABA4E17579F04000E5FFA /* HomeViewController.h */,
				620ABA4F17579F04000E5FFA /* HomeViewController.m */,
				9D323B341758AD2600B2424D /* Update.h */,
				9D323B351758AD2600B2424D /* Update.m */,
				62F3AFD21768D56700E4BA8F /* NoteViewController.h */,
				62F3AFD31768D56800E4BA8F /* NoteViewController.m */,
				621A5A3D175E506300B02EEC /* PersonalProgramTKCalendarDayViewController.h */,
				621A5A3E175E506300B02EEC /* PersonalProgramTKCalendarDayViewController.m */,
				621A5A53175E98CB00B02EEC /* Event.h */,
				621A5A54175E98CB00B02EEC /* Event.m */,
				62FC9A5E175F947D00A22AAD /* AllNetworkingViewController.h */,
				62FC9A5F175F947D00A22AAD /* AllNetworkingViewController.m */,
				62F3AF6D1760CE3E00E4BA8F /* EventUIViewController.h */,
				62F3AF6E1760CE3E00E4BA8F /* EventUIViewController.m */,
				62F3AF731760E68F00E4BA8F /* Author.h */,
				62F3AF741760E68F00E4BA8F /* Author.m */,
				62F3AFD7176A206500E4BA8F /* ImageViewController.h */,
				62F3AFD8176A206600E4BA8F /* ImageViewController.m */,
				62F3AFCE1764DF2A00E4BA8F /* Local.h */,
				62F3AFCF1764DF2A00E4BA8F /* Local.m */,
				62F3B002176C72E500E4BA8F /* AllNotesViewController.h */,
				62F3B003176C72E600E4BA8F /* AllNotesViewController.m */,
				62C372FF176F5B2800557724 /* Note.h */,
				62C37300176F5B2800557724 /* Note.m */,
				9D877CBD177220FA00894D5C /* Search.h */,
				9D877CBE177220FA00894D5C /* Search.m */,
				9DBF86981756006200845BD7 /* IConfsViewController.h */,
				9DBF86991756006200845BD7 /* IConfsViewController.m */,
				62AF25C217738ACB00B27B8D /* PersonalInfo.h */,
				62AF25C317738ACB00B27B8D /* PersonalInfo.m */,
				9DBF86741755FD6E00845BD7 /* iConfs_iOS.xcdatamodeld */,
				62F3B03A176CEFF700E4BA8F /* KNMultiItemSelector */,
				9DBF86631755FD6E00845BD7 /* Supporting Files */,
				62AF25C81774AB1400B27B8D /* SearchViewController.h */,
				62AF25C91774AB1400B27B8D /* SearchViewController.m */,
			);
			path = "iConfs-iOS";
			sourceTree = "<group>";
		};
		9DBF86631755FD6E00845BD7 /* Supporting Files */ = {
			isa = PBXGroup;
			children = (
				62C3730E1770A24300557724 /* Home.png */,
				62C373101770D47800557724 /* defaultTableViewBackground.png */,
				9D877CB6176FCF6600894D5C /* defaultPerson.jpg */,
				621A59FF175E18B100B02EEC /* Contacts.jpg */,
				621A5A00175E18B100B02EEC /* maps.jpg */,
				621A5A01175E18B100B02EEC /* Networking.jpg */,
				621A5A02175E18B100B02EEC /* Notes.jpg */,
				621A5A03175E18B100B02EEC /* Notifications.jpg */,
				621A5A04175E18B100B02EEC /* Organization.jpg */,
				621A5A05175E18B100B02EEC /* Schedule.jpg */,
				9DBF86641755FD6E00845BD7 /* iConfs-iOS-Info.plist */,
				9DBF86651755FD6E00845BD7 /* InfoPlist.strings */,
				9DBF86681755FD6E00845BD7 /* main.m */,
				9DBF866A1755FD6E00845BD7 /* iConfs-iOS-Prefix.pch */,
				9DBF866E1755FD6E00845BD7 /* Default.png */,
				9DBF86701755FD6E00845BD7 /* Default@2x.png */,
				9DBF86721755FD6E00845BD7 /* Default-568h@2x.png */,
			);
			name = "Supporting Files";
			sourceTree = "<group>";
		};
		9DBF86841755FD6E00845BD7 /* iConfs-iOSTests */ = {
			isa = PBXGroup;
			children = (
				9DBF868A1755FD6E00845BD7 /* iConfs_iOSTests.h */,
				9DBF868B1755FD6E00845BD7 /* iConfs_iOSTests.m */,
				9DBF86851755FD6E00845BD7 /* Supporting Files */,
			);
			path = "iConfs-iOSTests";
			sourceTree = "<group>";
		};
		9DBF86851755FD6E00845BD7 /* Supporting Files */ = {
			isa = PBXGroup;
			children = (
				9DBF86861755FD6E00845BD7 /* iConfs-iOSTests-Info.plist */,
				9DBF86871755FD6E00845BD7 /* InfoPlist.strings */,
			);
			name = "Supporting Files";
			sourceTree = "<group>";
		};
/* End PBXGroup section */

/* Begin PBXNativeTarget section */
		9DBF86561755FD6E00845BD7 /* iConfs-iOS */ = {
			isa = PBXNativeTarget;
			buildConfigurationList = 9DBF868F1755FD6E00845BD7 /* Build configuration list for PBXNativeTarget "iConfs-iOS" */;
			buildPhases = (
				9DBF86531755FD6E00845BD7 /* Sources */,
				9DBF86541755FD6E00845BD7 /* Frameworks */,
				9DBF86551755FD6E00845BD7 /* Resources */,
			);
			buildRules = (
			);
			dependencies = (
				621A5A32175E497A00B02EEC /* PBXTargetDependency */,
			);
			name = "iConfs-iOS";
			productName = "iConfs-iOS";
			productReference = 9DBF86571755FD6E00845BD7 /* iConfs-iOS.app */;
			productType = "com.apple.product-type.application";
		};
		9DBF867B1755FD6E00845BD7 /* iConfs-iOSTests */ = {
			isa = PBXNativeTarget;
			buildConfigurationList = 9DBF86921755FD6E00845BD7 /* Build configuration list for PBXNativeTarget "iConfs-iOSTests" */;
			buildPhases = (
				9DBF86771755FD6E00845BD7 /* Sources */,
				9DBF86781755FD6E00845BD7 /* Frameworks */,
				9DBF86791755FD6E00845BD7 /* Resources */,
				9DBF867A1755FD6E00845BD7 /* ShellScript */,
			);
			buildRules = (
			);
			dependencies = (
				9DBF86831755FD6E00845BD7 /* PBXTargetDependency */,
			);
			name = "iConfs-iOSTests";
			productName = "iConfs-iOSTests";
			productReference = 9DBF867C1755FD6E00845BD7 /* iConfs-iOSTests.octest */;
			productType = "com.apple.product-type.bundle";
		};
/* End PBXNativeTarget section */

/* Begin PBXProject section */
		9DBF864F1755FD6E00845BD7 /* Project object */ = {
			isa = PBXProject;
			attributes = {
				LastUpgradeCheck = 0460;
				ORGANIZATIONNAME = FCTUNL;
			};
			buildConfigurationList = 9DBF86521755FD6E00845BD7 /* Build configuration list for PBXProject "iConfs-iOS" */;
			compatibilityVersion = "Xcode 3.2";
			developmentRegion = English;
			hasScannedForEncodings = 0;
			knownRegions = (
				en,
			);
			mainGroup = 9DBF864E1755FD6E00845BD7;
			productRefGroup = 9DBF86581755FD6E00845BD7 /* Products */;
			projectDirPath = "";
			projectReferences = (
				{
					ProductGroup = 621A5A29175E494000B02EEC /* Products */;
					ProjectRef = 621A5A28175E494000B02EEC /* TapkuLibrary.xcodeproj */;
				},
			);
			projectRoot = "";
			targets = (
				9DBF86561755FD6E00845BD7 /* iConfs-iOS */,
				9DBF867B1755FD6E00845BD7 /* iConfs-iOSTests */,
			);
		};
/* End PBXProject section */

/* Begin PBXReferenceProxy section */
		621A5A2E175E494000B02EEC /* libTapkuLibrary.a */ = {
			isa = PBXReferenceProxy;
			fileType = archive.ar;
			path = libTapkuLibrary.a;
			remoteRef = 621A5A2D175E494000B02EEC /* PBXContainerItemProxy */;
			sourceTree = BUILT_PRODUCTS_DIR;
		};
		621A5A30175E494000B02EEC /* LogicTests.octest */ = {
			isa = PBXReferenceProxy;
			fileType = wrapper.cfbundle;
			path = LogicTests.octest;
			remoteRef = 621A5A2F175E494000B02EEC /* PBXContainerItemProxy */;
			sourceTree = BUILT_PRODUCTS_DIR;
		};
/* End PBXReferenceProxy section */

/* Begin PBXResourcesBuildPhase section */
		9DBF86551755FD6E00845BD7 /* Resources */ = {
			isa = PBXResourcesBuildPhase;
			buildActionMask = 2147483647;
			files = (
				9DBF86671755FD6E00845BD7 /* InfoPlist.strings in Resources */,
				9DBF866F1755FD6E00845BD7 /* Default.png in Resources */,
				9DBF86711755FD6E00845BD7 /* Default@2x.png in Resources */,
				9DBF86731755FD6E00845BD7 /* Default-568h@2x.png in Resources */,
				621A5A06175E18B100B02EEC /* Contacts.jpg in Resources */,
				621A5A07175E18B100B02EEC /* maps.jpg in Resources */,
				621A5A08175E18B100B02EEC /* Networking.jpg in Resources */,
				621A5A09175E18B100B02EEC /* Notes.jpg in Resources */,
				621A5A0A175E18B100B02EEC /* Notifications.jpg in Resources */,
				621A5A0B175E18B100B02EEC /* Organization.jpg in Resources */,
				621A5A0C175E18B100B02EEC /* Schedule.jpg in Resources */,
				621A5A27175E493700B02EEC /* TapkuLibrary.bundle in Resources */,
				62FC9A56175F721900A22AAD /* MainStoryboard.storyboard in Resources */,
				62F3B05A176CEFF800E4BA8F /* KNDefaultImage.png in Resources */,
				62F3B05B176CEFF800E4BA8F /* KNDefaultImage@2x.png in Resources */,
				62F3B05C176CEFF800E4BA8F /* KNSelectorTip.png in Resources */,
				62F3B05D176CEFF800E4BA8F /* KNSelectorTip@2x.png in Resources */,
				62F3B05E176CEFF800E4BA8F /* KNZoomIcon.png in Resources */,
				62F3B05F176CEFF800E4BA8F /* KNZoomIcon@2x.png in Resources */,
				62F3B062176CEFF800E4BA8F /* LICENSE in Resources */,
				9D877CB7176FCF6600894D5C /* defaultPerson.jpg in Resources */,
				62C3730F1770A24300557724 /* Home.png in Resources */,
				62C373111770D47800557724 /* defaultTableViewBackground.png in Resources */,
			);
			runOnlyForDeploymentPostprocessing = 0;
		};
		9DBF86791755FD6E00845BD7 /* Resources */ = {
			isa = PBXResourcesBuildPhase;
			buildActionMask = 2147483647;
			files = (
				9DBF86891755FD6E00845BD7 /* InfoPlist.strings in Resources */,
			);
			runOnlyForDeploymentPostprocessing = 0;
		};
/* End PBXResourcesBuildPhase section */

/* Begin PBXShellScriptBuildPhase section */
		9DBF867A1755FD6E00845BD7 /* ShellScript */ = {
			isa = PBXShellScriptBuildPhase;
			buildActionMask = 2147483647;
			files = (
			);
			inputPaths = (
			);
			outputPaths = (
			);
			runOnlyForDeploymentPostprocessing = 0;
			shellPath = /bin/sh;
			shellScript = "# Run the unit tests in this test bundle.\n\"${SYSTEM_DEVELOPER_DIR}/Tools/RunUnitTests\"\n";
		};
/* End PBXShellScriptBuildPhase section */

/* Begin PBXSourcesBuildPhase section */
		9DBF86531755FD6E00845BD7 /* Sources */ = {
			isa = PBXSourcesBuildPhase;
			buildActionMask = 2147483647;
			files = (
				9DBF86691755FD6E00845BD7 /* main.m in Sources */,
				9DBF866D1755FD6E00845BD7 /* AppDelegate.m in Sources */,
				9DBF86761755FD6E00845BD7 /* iConfs_iOS.xcdatamodeld in Sources */,
				9DBF869A1756006200845BD7 /* IConfsViewController.m in Sources */,
				9DBF869D175600D700845BD7 /* Feedback.m in Sources */,
				9DBF86A01756014000845BD7 /* Message.m in Sources */,
				9DBF86A61756021800845BD7 /* CommunicationViewController.m in Sources */,
				620ABA4A17578A4C000E5FFA /* NotificationViewController.m in Sources */,
				620ABA4D17579D67000E5FFA /* Notification.m in Sources */,
				620ABA5017579F05000E5FFA /* HomeViewController.m in Sources */,
				9D323B361758AD2600B2424D /* Update.m in Sources */,
				621A59F2175A403700B02EEC /* NetworkingViewController.m in Sources */,
				621A59F5175A40FE00B02EEC /* Networking.m in Sources */,
				621A59F8175A5A5500B02EEC /* Person.m in Sources */,
				621A59FB175BC6D600B02EEC /* PersonProfileViewController.m in Sources */,
				621A5A3F175E506300B02EEC /* PersonalProgramTKCalendarDayViewController.m in Sources */,
				621A5A55175E98CB00B02EEC /* Event.m in Sources */,
				62FC9A5A175F81B100A22AAD /* AllNotificationViewController.m in Sources */,
				62FC9A60175F947D00A22AAD /* AllNetworkingViewController.m in Sources */,
				62F3AF6F1760CE3E00E4BA8F /* EventUIViewController.m in Sources */,
				62F3AF751760E68F00E4BA8F /* Author.m in Sources */,
				62F3AFD01764DF2A00E4BA8F /* Local.m in Sources */,
				62F3AFD41768D56800E4BA8F /* NoteViewController.m in Sources */,
				62F3AFD9176A206600E4BA8F /* ImageViewController.m in Sources */,
				62F3B004176C72E600E4BA8F /* AllNotesViewController.m in Sources */,
				62F3B060176CEFF800E4BA8F /* KNMultiItemSelector.m in Sources */,
				62F3B061176CEFF800E4BA8F /* KNSelectorItem.m in Sources */,
				62F3B063176CEFF800E4BA8F /* SDImageCache.m in Sources */,
				62F3B064176CEFF800E4BA8F /* SDWebImageDecoder.m in Sources */,
				62F3B065176CEFF800E4BA8F /* SDWebImageDownloader.m in Sources */,
				62F3B066176CEFF800E4BA8F /* SDWebImageManager.m in Sources */,
				62F3B067176CEFF800E4BA8F /* SDWebImagePrefetcher.m in Sources */,
				62F3B068176CEFF800E4BA8F /* UIButton+WebCache.m in Sources */,
				62F3B069176CEFF800E4BA8F /* UIImageView+WebCache.m in Sources */,
				62C37301176F5B2800557724 /* Note.m in Sources */,
				9D877CBF177220FA00894D5C /* Search.m in Sources */,
				62AF25C417738ACB00B27B8D /* PersonalInfo.m in Sources */,
				62AF25CA1774AB1400B27B8D /* SearchViewController.m in Sources */,
			);
			runOnlyForDeploymentPostprocessing = 0;
		};
		9DBF86771755FD6E00845BD7 /* Sources */ = {
			isa = PBXSourcesBuildPhase;
			buildActionMask = 2147483647;
			files = (
				9DBF868C1755FD6E00845BD7 /* iConfs_iOSTests.m in Sources */,
				9D323B371758AD2600B2424D /* Update.m in Sources */,
			);
			runOnlyForDeploymentPostprocessing = 0;
		};
/* End PBXSourcesBuildPhase section */

/* Begin PBXTargetDependency section */
		621A5A32175E497A00B02EEC /* PBXTargetDependency */ = {
			isa = PBXTargetDependency;
			name = TapkuLibrary;
			targetProxy = 621A5A31175E497A00B02EEC /* PBXContainerItemProxy */;
		};
		9DBF86831755FD6E00845BD7 /* PBXTargetDependency */ = {
			isa = PBXTargetDependency;
			target = 9DBF86561755FD6E00845BD7 /* iConfs-iOS */;
			targetProxy = 9DBF86821755FD6E00845BD7 /* PBXContainerItemProxy */;
		};
/* End PBXTargetDependency section */

/* Begin PBXVariantGroup section */
		9DBF86651755FD6E00845BD7 /* InfoPlist.strings */ = {
			isa = PBXVariantGroup;
			children = (
				9DBF86661755FD6E00845BD7 /* en */,
			);
			name = InfoPlist.strings;
			sourceTree = "<group>";
		};
		9DBF86871755FD6E00845BD7 /* InfoPlist.strings */ = {
			isa = PBXVariantGroup;
			children = (
				9DBF86881755FD6E00845BD7 /* en */,
			);
			name = InfoPlist.strings;
			sourceTree = "<group>";
		};
/* End PBXVariantGroup section */

/* Begin XCBuildConfiguration section */
		9DBF868D1755FD6E00845BD7 /* Debug */ = {
			isa = XCBuildConfiguration;
			buildSettings = {
				ALWAYS_SEARCH_USER_PATHS = NO;
				CLANG_CXX_LANGUAGE_STANDARD = "gnu++0x";
				CLANG_CXX_LIBRARY = "libc++";
				CLANG_ENABLE_OBJC_ARC = YES;
				CLANG_WARN_CONSTANT_CONVERSION = YES;
				CLANG_WARN_EMPTY_BODY = YES;
				CLANG_WARN_ENUM_CONVERSION = YES;
				CLANG_WARN_INT_CONVERSION = YES;
				CLANG_WARN__DUPLICATE_METHOD_MATCH = YES;
				"CODE_SIGN_IDENTITY[sdk=iphoneos*]" = "iPhone Developer";
				COPY_PHASE_STRIP = NO;
				GCC_C_LANGUAGE_STANDARD = gnu99;
				GCC_DYNAMIC_NO_PIC = NO;
				GCC_OPTIMIZATION_LEVEL = 0;
				GCC_PREPROCESSOR_DEFINITIONS = (
					"DEBUG=1",
					"$(inherited)",
				);
				GCC_SYMBOLS_PRIVATE_EXTERN = NO;
				GCC_WARN_ABOUT_RETURN_TYPE = YES;
				GCC_WARN_UNINITIALIZED_AUTOS = YES;
				GCC_WARN_UNUSED_VARIABLE = YES;
				IPHONEOS_DEPLOYMENT_TARGET = 6.1;
				ONLY_ACTIVE_ARCH = YES;
				SDKROOT = iphoneos;
			};
			name = Debug;
		};
		9DBF868E1755FD6E00845BD7 /* Release */ = {
			isa = XCBuildConfiguration;
			buildSettings = {
				ALWAYS_SEARCH_USER_PATHS = NO;
				CLANG_CXX_LANGUAGE_STANDARD = "gnu++0x";
				CLANG_CXX_LIBRARY = "libc++";
				CLANG_ENABLE_OBJC_ARC = YES;
				CLANG_WARN_CONSTANT_CONVERSION = YES;
				CLANG_WARN_EMPTY_BODY = YES;
				CLANG_WARN_ENUM_CONVERSION = YES;
				CLANG_WARN_INT_CONVERSION = YES;
				CLANG_WARN__DUPLICATE_METHOD_MATCH = YES;
				"CODE_SIGN_IDENTITY[sdk=iphoneos*]" = "iPhone Developer";
				COPY_PHASE_STRIP = YES;
				GCC_C_LANGUAGE_STANDARD = gnu99;
				GCC_WARN_ABOUT_RETURN_TYPE = YES;
				GCC_WARN_UNINITIALIZED_AUTOS = YES;
				GCC_WARN_UNUSED_VARIABLE = YES;
				IPHONEOS_DEPLOYMENT_TARGET = 6.1;
				OTHER_CFLAGS = "-DNS_BLOCK_ASSERTIONS=1";
				SDKROOT = iphoneos;
				VALIDATE_PRODUCT = YES;
			};
			name = Release;
		};
		9DBF86901755FD6E00845BD7 /* Debug */ = {
			isa = XCBuildConfiguration;
			buildSettings = {
				GCC_PRECOMPILE_PREFIX_HEADER = YES;
				GCC_PREFIX_HEADER = "iConfs-iOS/iConfs-iOS-Prefix.pch";
				HEADER_SEARCH_PATHS = "$(SRCROOT)/iConfs-iOS/ownFrameworks/tapkulibrary/src";
				INFOPLIST_FILE = "iConfs-iOS/iConfs-iOS-Info.plist";
				OTHER_LDFLAGS = "-ObjC";
				PRODUCT_NAME = "$(TARGET_NAME)";
				WRAPPER_EXTENSION = app;
			};
			name = Debug;
		};
		9DBF86911755FD6E00845BD7 /* Release */ = {
			isa = XCBuildConfiguration;
			buildSettings = {
				GCC_PRECOMPILE_PREFIX_HEADER = YES;
				GCC_PREFIX_HEADER = "iConfs-iOS/iConfs-iOS-Prefix.pch";
				HEADER_SEARCH_PATHS = "$(SRCROOT)/iConfs-iOS/ownFrameworks/tapkulibrary/src";
				INFOPLIST_FILE = "iConfs-iOS/iConfs-iOS-Info.plist";
				OTHER_LDFLAGS = "-ObjC";
				PRODUCT_NAME = "$(TARGET_NAME)";
				WRAPPER_EXTENSION = app;
			};
			name = Release;
		};
		9DBF86931755FD6E00845BD7 /* Debug */ = {
			isa = XCBuildConfiguration;
			buildSettings = {
				BUNDLE_LOADER = "$(BUILT_PRODUCTS_DIR)/iConfs-iOS.app/iConfs-iOS";
				FRAMEWORK_SEARCH_PATHS = (
					"\"$(SDKROOT)/Developer/Library/Frameworks\"",
					"\"$(DEVELOPER_LIBRARY_DIR)/Frameworks\"",
				);
				GCC_PRECOMPILE_PREFIX_HEADER = YES;
				GCC_PREFIX_HEADER = "iConfs-iOS/iConfs-iOS-Prefix.pch";
				INFOPLIST_FILE = "iConfs-iOSTests/iConfs-iOSTests-Info.plist";
				PRODUCT_NAME = "$(TARGET_NAME)";
				TEST_HOST = "$(BUNDLE_LOADER)";
				WRAPPER_EXTENSION = octest;
			};
			name = Debug;
		};
		9DBF86941755FD6E00845BD7 /* Release */ = {
			isa = XCBuildConfiguration;
			buildSettings = {
				BUNDLE_LOADER = "$(BUILT_PRODUCTS_DIR)/iConfs-iOS.app/iConfs-iOS";
				FRAMEWORK_SEARCH_PATHS = (
					"\"$(SDKROOT)/Developer/Library/Frameworks\"",
					"\"$(DEVELOPER_LIBRARY_DIR)/Frameworks\"",
				);
				GCC_PRECOMPILE_PREFIX_HEADER = YES;
				GCC_PREFIX_HEADER = "iConfs-iOS/iConfs-iOS-Prefix.pch";
				INFOPLIST_FILE = "iConfs-iOSTests/iConfs-iOSTests-Info.plist";
				PRODUCT_NAME = "$(TARGET_NAME)";
				TEST_HOST = "$(BUNDLE_LOADER)";
				WRAPPER_EXTENSION = octest;
			};
			name = Release;
		};
/* End XCBuildConfiguration section */

/* Begin XCConfigurationList section */
		9DBF86521755FD6E00845BD7 /* Build configuration list for PBXProject "iConfs-iOS" */ = {
			isa = XCConfigurationList;
			buildConfigurations = (
				9DBF868D1755FD6E00845BD7 /* Debug */,
				9DBF868E1755FD6E00845BD7 /* Release */,
			);
			defaultConfigurationIsVisible = 0;
			defaultConfigurationName = Release;
		};
		9DBF868F1755FD6E00845BD7 /* Build configuration list for PBXNativeTarget "iConfs-iOS" */ = {
			isa = XCConfigurationList;
			buildConfigurations = (
				9DBF86901755FD6E00845BD7 /* Debug */,
				9DBF86911755FD6E00845BD7 /* Release */,
			);
			defaultConfigurationIsVisible = 0;
			defaultConfigurationName = Release;
		};
		9DBF86921755FD6E00845BD7 /* Build configuration list for PBXNativeTarget "iConfs-iOSTests" */ = {
			isa = XCConfigurationList;
			buildConfigurations = (
				9DBF86931755FD6E00845BD7 /* Debug */,
				9DBF86941755FD6E00845BD7 /* Release */,
			);
			defaultConfigurationIsVisible = 0;
			defaultConfigurationName = Release;
		};
/* End XCConfigurationList section */

/* Begin XCVersionGroup section */
		9DBF86741755FD6E00845BD7 /* iConfs_iOS.xcdatamodeld */ = {
			isa = XCVersionGroup;
			children = (
				9DBF86751755FD6E00845BD7 /* iConfs_iOS.xcdatamodel */,
			);
			currentVersion = 9DBF86751755FD6E00845BD7 /* iConfs_iOS.xcdatamodel */;
			path = iConfs_iOS.xcdatamodeld;
			sourceTree = "<group>";
			versionGroupType = wrapper.xcdatamodel;
		};
/* End XCVersionGroup section */
	};
	rootObject = 9DBF864F1755FD6E00845BD7 /* Project object */;
}
